
Microsoft Visual Studio Solution File, Format Version 12.00
# Visual Studio Version 17
VisualStudioVersion = 17.4.33213.308
MinimumVisualStudioVersion = 10.0.40219.1
Project("{9A19103F-16F7-4668-BE54-9A1E7A4F7556}") = "Cars.Model", "Cars.Model\Cars.Model.csproj", "{4833A93C-E44A-41C6-9BA8-10F29F0966BA}"
EndProject
Project("{9A19103F-16F7-4668-BE54-9A1E7A4F7556}") = "Games.Model", "Games.Model\Games.Model.csproj", "{BA1B6157-3703-4DE8-95B8-D6E39C0FFC95}"
EndProject
Project("{9A19103F-16F7-4668-BE54-9A1E7A4F7556}") = "Patterns", "Patterns\Patterns.csproj", "{8E49EEE1-6920-4607-BBD6-2C5802A4C8A6}"
EndProject
Project("{9A19103F-16F7-4668-BE54-9A1E7A4F7556}") = "Shapes.Model", "Shapes.Model\Shapes.Model.csproj", "{AEC5AF3D-A186-4AAD-9ACD-50F1A3CC9AD4}"
EndProject
Project("{9A19103F-16F7-4668-BE54-9A1E7A4F7556}") = "Loggers", "Loggers\Loggers.csproj", "{2CC4EC2D-87E7-44A0-8BA2-DCC040ACB2F1}"
EndProject
Project("{9A19103F-16F7-4668-BE54-9A1E7A4F7556}") = "Collections", "Collections\Collections.csproj", "{361EE696-9EE1-4F0B-9DD8-D1A6BC1910A8}"
EndProject
Project("{9A19103F-16F7-4668-BE54-9A1E7A4F7556}") = "ToDo.Model", "ToDo.Model\ToDo.Model.csproj", "{A96719B4-EFBF-49EB-9C94-6ABD29D717B4}"
EndProject
Project("{9A19103F-16F7-4668-BE54-9A1E7A4F7556}") = "Console.Collections", "Console.Collections\Console.Collections.csproj", "{AEB7818A-8A59-463C-8D01-777142EBEE7C}"
EndProject
Project("{9A19103F-16F7-4668-BE54-9A1E7A4F7556}") = "Console.Shapes", "Console.Shapes\Console.Shapes.csproj", "{171F2B6E-B3CD-40BB-9C01-3C24CD5772F0}"
EndProject
Project("{9A19103F-16F7-4668-BE54-9A1E7A4F7556}") = "Console.Cars", "Console.Cars\Console.Cars.csproj", "{AD04D933-65B6-4C9E-93C6-E1DB1857F38C}"
EndProject
Project("{9A19103F-16F7-4668-BE54-9A1E7A4F7556}") = "Console.Games", "Console.Games\Console.Games.csproj", "{D845872D-0707-4AA0-A58A-117C5480F90B}"
EndProject
Project("{9A19103F-16F7-4668-BE54-9A1E7A4F7556}") = "Calculator.Model", "Calculator.Model\Calculator.Model.csproj", "{EC3F82BB-B334-4117-8981-25B8EA76E2D4}"
EndProject
Project("{2150E333-8FDC-42A3-9474-1A3956D46DE8}") = "Tests", "Tests", "{FEE0595C-C447-4027-8411-9C22C3B7F079}"
EndProject
Project("{9A19103F-16F7-4668-BE54-9A1E7A4F7556}") = "Calculator.Tests", "Calculator.Tests\Calculator.Tests.csproj", "{93BA0694-7139-4F00-9FC5-07E8E4CC4422}"
EndProject
Project("{9A19103F-16F7-4668-BE54-9A1E7A4F7556}") = "Games.Tests", "Games.Tests\Games.Tests.csproj", "{A7627F3D-C3BB-4EB6-ABCB-747340F0F6A1}"
EndProject
Project("{FAE04EC0-301F-11D3-BF4B-00C04F79EFBC}") = "Shapes.Tests", "Shapes.Tests\Shapes.Tests.csproj", "{F4E20A85-70D5-45B2-BFA4-B4763AA968D1}"
EndProject
Global
	GlobalSection(SolutionConfigurationPlatforms) = preSolution
		Debug|Any CPU = Debug|Any CPU
		Release|Any CPU = Release|Any CPU
	EndGlobalSection
	GlobalSection(ProjectConfigurationPlatforms) = postSolution
		{4833A93C-E44A-41C6-9BA8-10F29F0966BA}.Debug|Any CPU.ActiveCfg = Debug|Any CPU
		{4833A93C-E44A-41C6-9BA8-10F29F0966BA}.Debug|Any CPU.Build.0 = Debug|Any CPU
		{4833A93C-E44A-41C6-9BA8-10F29F0966BA}.Release|Any CPU.ActiveCfg = Release|Any CPU
		{4833A93C-E44A-41C6-9BA8-10F29F0966BA}.Release|Any CPU.Build.0 = Release|Any CPU
		{BA1B6157-3703-4DE8-95B8-D6E39C0FFC95}.Debug|Any CPU.ActiveCfg = Debug|Any CPU
		{BA1B6157-3703-4DE8-95B8-D6E39C0FFC95}.Debug|Any CPU.Build.0 = Debug|Any CPU
		{BA1B6157-3703-4DE8-95B8-D6E39C0FFC95}.Release|Any CPU.ActiveCfg = Release|Any CPU
		{BA1B6157-3703-4DE8-95B8-D6E39C0FFC95}.Release|Any CPU.Build.0 = Release|Any CPU
		{8E49EEE1-6920-4607-BBD6-2C5802A4C8A6}.Debug|Any CPU.ActiveCfg = Debug|Any CPU
		{8E49EEE1-6920-4607-BBD6-2C5802A4C8A6}.Debug|Any CPU.Build.0 = Debug|Any CPU
		{8E49EEE1-6920-4607-BBD6-2C5802A4C8A6}.Release|Any CPU.ActiveCfg = Release|Any CPU
		{8E49EEE1-6920-4607-BBD6-2C5802A4C8A6}.Release|Any CPU.Build.0 = Release|Any CPU
		{AEC5AF3D-A186-4AAD-9ACD-50F1A3CC9AD4}.Debug|Any CPU.ActiveCfg = Debug|Any CPU
		{AEC5AF3D-A186-4AAD-9ACD-50F1A3CC9AD4}.Debug|Any CPU.Build.0 = Debug|Any CPU
		{AEC5AF3D-A186-4AAD-9ACD-50F1A3CC9AD4}.Release|Any CPU.ActiveCfg = Release|Any CPU
		{AEC5AF3D-A186-4AAD-9ACD-50F1A3CC9AD4}.Release|Any CPU.Build.0 = Release|Any CPU
		{2CC4EC2D-87E7-44A0-8BA2-DCC040ACB2F1}.Debug|Any CPU.ActiveCfg = Debug|Any CPU
		{2CC4EC2D-87E7-44A0-8BA2-DCC040ACB2F1}.Debug|Any CPU.Build.0 = Debug|Any CPU
		{2CC4EC2D-87E7-44A0-8BA2-DCC040ACB2F1}.Release|Any CPU.ActiveCfg = Release|Any CPU
		{2CC4EC2D-87E7-44A0-8BA2-DCC040ACB2F1}.Release|Any CPU.Build.0 = Release|Any CPU
		{361EE696-9EE1-4F0B-9DD8-D1A6BC1910A8}.Debug|Any CPU.ActiveCfg = Debug|Any CPU
		{361EE696-9EE1-4F0B-9DD8-D1A6BC1910A8}.Debug|Any CPU.Build.0 = Debug|Any CPU
		{361EE696-9EE1-4F0B-9DD8-D1A6BC1910A8}.Release|Any CPU.ActiveCfg = Release|Any CPU
		{361EE696-9EE1-4F0B-9DD8-D1A6BC1910A8}.Release|Any CPU.Build.0 = Release|Any CPU
		{A96719B4-EFBF-49EB-9C94-6ABD29D717B4}.Debug|Any CPU.ActiveCfg = Debug|Any CPU
		{A96719B4-EFBF-49EB-9C94-6ABD29D717B4}.Debug|Any CPU.Build.0 = Debug|Any CPU
		{A96719B4-EFBF-49EB-9C94-6ABD29D717B4}.Release|Any CPU.ActiveCfg = Release|Any CPU
		{A96719B4-EFBF-49EB-9C94-6ABD29D717B4}.Release|Any CPU.Build.0 = Release|Any CPU
		{AEB7818A-8A59-463C-8D01-777142EBEE7C}.Debug|Any CPU.ActiveCfg = Debug|Any CPU
		{AEB7818A-8A59-463C-8D01-777142EBEE7C}.Debug|Any CPU.Build.0 = Debug|Any CPU
		{AEB7818A-8A59-463C-8D01-777142EBEE7C}.Release|Any CPU.ActiveCfg = Release|Any CPU
		{AEB7818A-8A59-463C-8D01-777142EBEE7C}.Release|Any CPU.Build.0 = Release|Any CPU
		{171F2B6E-B3CD-40BB-9C01-3C24CD5772F0}.Debug|Any CPU.ActiveCfg = Debug|Any CPU
		{171F2B6E-B3CD-40BB-9C01-3C24CD5772F0}.Debug|Any CPU.Build.0 = Debug|Any CPU
		{171F2B6E-B3CD-40BB-9C01-3C24CD5772F0}.Release|Any CPU.ActiveCfg = Release|Any CPU
		{171F2B6E-B3CD-40BB-9C01-3C24CD5772F0}.Release|Any CPU.Build.0 = Release|Any CPU
		{AD04D933-65B6-4C9E-93C6-E1DB1857F38C}.Debug|Any CPU.ActiveCfg = Debug|Any CPU
		{AD04D933-65B6-4C9E-93C6-E1DB1857F38C}.Debug|Any CPU.Build.0 = Debug|Any CPU
		{AD04D933-65B6-4C9E-93C6-E1DB1857F38C}.Release|Any CPU.ActiveCfg = Release|Any CPU
		{AD04D933-65B6-4C9E-93C6-E1DB1857F38C}.Release|Any CPU.Build.0 = Release|Any CPU
		{D845872D-0707-4AA0-A58A-117C5480F90B}.Debug|Any CPU.ActiveCfg = Debug|Any CPU
		{D845872D-0707-4AA0-A58A-117C5480F90B}.Debug|Any CPU.Build.0 = Debug|Any CPU
		{D845872D-0707-4AA0-A58A-117C5480F90B}.Release|Any CPU.ActiveCfg = Release|Any CPU
		{D845872D-0707-4AA0-A58A-117C5480F90B}.Release|Any CPU.Build.0 = Release|Any CPU
		{EC3F82BB-B334-4117-8981-25B8EA76E2D4}.Debug|Any CPU.ActiveCfg = Debug|Any CPU
		{EC3F82BB-B334-4117-8981-25B8EA76E2D4}.Debug|Any CPU.Build.0 = Debug|Any CPU
		{EC3F82BB-B334-4117-8981-25B8EA76E2D4}.Release|Any CPU.ActiveCfg = Release|Any CPU
		{EC3F82BB-B334-4117-8981-25B8EA76E2D4}.Release|Any CPU.Build.0 = Release|Any CPU
		{93BA0694-7139-4F00-9FC5-07E8E4CC4422}.Debug|Any CPU.ActiveCfg = Debug|Any CPU
		{93BA0694-7139-4F00-9FC5-07E8E4CC4422}.Debug|Any CPU.Build.0 = Debug|Any CPU
		{93BA0694-7139-4F00-9FC5-07E8E4CC4422}.Release|Any CPU.ActiveCfg = Release|Any CPU
		{93BA0694-7139-4F00-9FC5-07E8E4CC4422}.Release|Any CPU.Build.0 = Release|Any CPU
		{A7627F3D-C3BB-4EB6-ABCB-747340F0F6A1}.Debug|Any CPU.ActiveCfg = Debug|Any CPU
		{A7627F3D-C3BB-4EB6-ABCB-747340F0F6A1}.Debug|Any CPU.Build.0 = Debug|Any CPU
		{A7627F3D-C3BB-4EB6-ABCB-747340F0F6A1}.Release|Any CPU.ActiveCfg = Release|Any CPU
		{A7627F3D-C3BB-4EB6-ABCB-747340F0F6A1}.Release|Any CPU.Build.0 = Release|Any CPU
		{F4E20A85-70D5-45B2-BFA4-B4763AA968D1}.Debug|Any CPU.ActiveCfg = Debug|Any CPU
		{F4E20A85-70D5-45B2-BFA4-B4763AA968D1}.Debug|Any CPU.Build.0 = Debug|Any CPU
		{F4E20A85-70D5-45B2-BFA4-B4763AA968D1}.Release|Any CPU.ActiveCfg = Release|Any CPU
		{F4E20A85-70D5-45B2-BFA4-B4763AA968D1}.Release|Any CPU.Build.0 = Release|Any CPU
	EndGlobalSection
	GlobalSection(SolutionProperties) = preSolution
		HideSolutionNode = FALSE
	EndGlobalSection
	GlobalSection(NestedProjects) = preSolution
		{93BA0694-7139-4F00-9FC5-07E8E4CC4422} = {FEE0595C-C447-4027-8411-9C22C3B7F079}
		{A7627F3D-C3BB-4EB6-ABCB-747340F0F6A1} = {FEE0595C-C447-4027-8411-9C22C3B7F079}
		{F4E20A85-70D5-45B2-BFA4-B4763AA968D1} = {FEE0595C-C447-4027-8411-9C22C3B7F079}
	EndGlobalSection
	GlobalSection(ExtensibilityGlobals) = postSolution
		SolutionGuid = {C807A35A-635A-4553-82B2-BA837399370B}
	EndGlobalSection
EndGlobal
